// !$*UTF8*$!
{
	archiveVersion = 1;
	classes = {
	};
	objectVersion = 50;
	objects = {

/* Begin PBXBuildFile section */
		1832EEEA23FA8F3800E51C0D /* AppDelegate.swift in Sources */ = {isa = PBXBuildFile; fileRef = 1832EEE923FA8F3800E51C0D /* AppDelegate.swift */; };
		1832EEEC23FA8F3800E51C0D /* SceneDelegate.swift in Sources */ = {isa = PBXBuildFile; fileRef = 1832EEEB23FA8F3800E51C0D /* SceneDelegate.swift */; };
		1832EEEE23FA8F3800E51C0D /* ViewController.swift in Sources */ = {isa = PBXBuildFile; fileRef = 1832EEED23FA8F3800E51C0D /* ViewController.swift */; };
		1832EEF123FA8F3800E51C0D /* Main.storyboard in Resources */ = {isa = PBXBuildFile; fileRef = 1832EEEF23FA8F3800E51C0D /* Main.storyboard */; };
		1832EEF323FA8F3900E51C0D /* Assets.xcassets in Resources */ = {isa = PBXBuildFile; fileRef = 1832EEF223FA8F3900E51C0D /* Assets.xcassets */; };
		1832EEF623FA8F3900E51C0D /* LaunchScreen.storyboard in Resources */ = {isa = PBXBuildFile; fileRef = 1832EEF423FA8F3900E51C0D /* LaunchScreen.storyboard */; };
		1832EEFE23FA904300E51C0D /* CollectionViewCell.swift in Sources */ = {isa = PBXBuildFile; fileRef = 1832EEFD23FA904300E51C0D /* CollectionViewCell.swift */; };
/* End PBXBuildFile section */

/* Begin PBXFileReference section */
		1832EEE623FA8F3800E51C0D /* Al-Amin Collection View.app */ = {isa = PBXFileReference; explicitFileType = wrapper.application; includeInIndex = 0; path = "Al-Amin Collection View.app"; sourceTree = BUILT_PRODUCTS_DIR; };
		1832EEE923FA8F3800E51C0D /* AppDelegate.swift */ = {isa = PBXFileReference; lastKnownFileType = sourcecode.swift; path = AppDelegate.swift; sourceTree = "<group>"; };
		1832EEEB23FA8F3800E51C0D /* SceneDelegate.swift */ = {isa = PBXFileReference; lastKnownFileType = sourcecode.swift; path = SceneDelegate.swift; sourceTree = "<group>"; };
		1832EEED23FA8F3800E51C0D /* ViewController.swift */ = {isa = PBXFileReference; lastKnownFileType = sourcecode.swift; path = ViewController.swift; sourceTree = "<group>"; };
		1832EEF023FA8F3800E51C0D /* Base */ = {isa = PBXFileReference; lastKnownFileType = file.storyboard; name = Base; path = Base.lproj/Main.storyboard; sourceTree = "<group>"; };
		1832EEF223FA8F3900E51C0D /* Assets.xcassets */ = {isa = PBXFileReference; lastKnownFileType = folder.assetcatalog; path = Assets.xcassets; sourceTree = "<group>"; };
		1832EEF523FA8F3900E51C0D /* Base */ = {isa = PBXFileReference; lastKnownFileType = file.storyboard; name = Base; path = Base.lproj/LaunchScreen.storyboard; sourceTree = "<group>"; };
		1832EEF723FA8F3900E51C0D /* Info.plist */ = {isa = PBXFileReference; lastKnownFileType = text.plist.xml; path = Info.plist; sourceTree = "<group>"; };
		1832EEFD23FA904300E51C0D /* CollectionViewCell.swift */ = {isa = PBXFileReference; lastKnownFileType = sourcecode.swift; path = CollectionViewCell.swift; sourceTree = "<group>"; };
/* End PBXFileReference section */

/* Begin PBXFrameworksBuildPhase section */
		1832EEE323FA8F3800E51C0D /* Frameworks */ = {
			isa = PBXFrameworksBuildPhase;
			buildActionMask = 2147483647;
			files = (
			);
			runOnlyForDeploymentPostprocessing = 0;
		};
/* End PBXFrameworksBuildPhase section */

/* Begin PBXGroup section */
		1832EEDD23FA8F3800E51C0D = {
			isa = PBXGroup;
			children = (
				1832EEE823FA8F3800E51C0D /* Al-Amin Collection View */,
				1832EEE723FA8F3800E51C0D /* Products */,
			);
			sourceTree = "<group>";
		};
		1832EEE723FA8F3800E51C0D /* Products */ = {
			isa = PBXGroup;
			children = (
				1832EEE623FA8F3800E51C0D /* Al-Amin Collection View.app */,
			);
			name = Products;
			sourceTree = "<group>";
		};
		1832EEE823FA8F3800E51C0D /* Al-Amin Collection View */ = {
			isa = PBXGroup;
			children = (
				1832EEE923FA8F3800E51C0D /* AppDelegate.swift */,
				1832EEEB23FA8F3800E51C0D /* SceneDelegate.swift */,
				1832EEED23FA8F3800E51C0D /* ViewController.swift */,
				1832EEEF23FA8F3800E51C0D /* Main.storyboard */,
				1832EEFD23FA904300E51C0D /* CollectionViewCell.swift */,
				1832EEF223FA8F3900E51C0D /* Assets.xcassets */,
				1832EEF423FA8F3900E51C0D /* LaunchScreen.storyboard */,
				1832EEF723FA8F3900E51C0D /* Info.plist */,
			);
			path = "Al-Amin Collection View";
			sourceTree = "<group>";
		};
/* End PBXGroup section */

/* Begin PBXNativeTarget section */
		1832EEE523FA8F3800E51C0D /* Al-Amin Collection View */ = {
			isa = PBXNativeTarget;
			buildConfigurationList = 1832EEFA23FA8F3900E51C0D /* Build configuration list for PBXNativeTarget "Al-Amin Collection View" */;
			buildPhases = (
				1832EEE223FA8F3800E51C0D /* Sources */,
				1832EEE323FA8F3800E51C0D /* Frameworks */,
				1832EEE423FA8F3800E51C0D /* Resources */,
			);
			buildRules = (
			);
			dependencies = (
			);
			name = "Al-Amin Collection View";
			productName = "Al-Amin Collection View";
			productReference = 1832EEE623FA8F3800E51C0D /* Al-Amin Collection View.app */;
			productType = "com.apple.product-type.application";
		};
/* End PBXNativeTarget section */

/* Begin PBXProject section */
		1832EEDE23FA8F3800E51C0D /* Project object */ = {
			isa = PBXProject;
			attributes = {
				LastSwiftUpdateCheck = 1130;
				LastUpgradeCheck = 1130;
				ORGANIZATIONNAME = apple;
				TargetAttributes = {
					1832EEE523FA8F3800E51C0D = {
						CreatedOnToolsVersion = 11.3.1;
					};
				};
			};
			buildConfigurationList = 1832EEE123FA8F3800E51C0D /* Build configuration list for PBXProject "Al-Amin Collection View" */;
			compatibilityVersion = "Xcode 9.3";
			developmentRegion = en;
			hasScannedForEncodings = 0;
			knownRegions = (
				en,
				Base,
			);
			mainGroup = 1832EEDD23FA8F3800E51C0D;
			productRefGroup = 1832EEE723FA8F3800E51C0D /* Products */;
			projectDirPath = "";
			projectRoot = "";
			targets = (
				1832EEE523FA8F3800E51C0D /* Al-Amin Collection View */,
			);
		};
/* End PBXProject section */

/* Begin PBXResourcesBuildPhase section */
		1832EEE423FA8F3800E51C0D /* Resources */ = {
			isa = PBXResourcesBuildPhase;
			buildActionMask = 2147483647;
			files = (
				1832EEF623FA8F3900E51C0D /* LaunchScreen.storyboard in Resources */,
				1832EEF323FA8F3900E51C0D /* Assets.xcassets in Resources */,
				1832EEF123FA8F3800E51C0D /* Main.storyboard in Resources */,
			);
			runOnlyForDeploymentPostprocessing = 0;
		};
/* End PBXResourcesBuildPhase section */

/* Begin PBXSourcesBuildPhase section */
		1832EEE223FA8F3800E51C0D /* Sources */ = {
			isa = PBXSourcesBuildPhase;
			buildActionMask = 2147483647;
			files = (
				1832EEEE23FA8F3800E51C0D /* ViewController.swift in Sources */,
				1832EEEA23FA8F3800E51C0D /* AppDelegate.swift in Sources */,
				1832EEFE23FA904300E51C0D /* CollectionViewCell.swift in Sources */,
				1832EEEC23FA8F3800E51C0D /* SceneDelegate.swift in Sources */,
			);
			runOnlyForDeploymentPostprocessing = 0;
		};
/* End PBXSourcesBuildPhase section */

/* Begin PBXVariantGroup section */
		1832EEEF23FA8F3800E51C0D /* Main.storyboard */ = {
			isa = PBXVariantGroup;
			children = (
				1832EEF023FA8F3800E51C0D /* Base */,
			);
			name = Main.storyboard;
			sourceTree = "<group>";
		};
		1832EEF423FA8F3900E51C0D /* LaunchScreen.storyboard */ = {
			isa = PBXVariantGroup;
			children = (
				1832EEF523FA8F3900E51C0D /* Base */,
			);
			name = LaunchScreen.storyboard;
			sourceTree = "<group>";
		};
/* End PBXVariantGroup section */

/* Begin XCBuildConfiguration section */
		1832EEF823FA8F3900E51C0D /* Debug */ = {
			isa = XCBuildConfiguration;
			buildSettings = {
				ALWAYS_SEARCH_USER_PATHS = NO;
				CLANG_ANALYZER_NONNULL = YES;
				CLANG_ANALYZER_NUMBER_OBJECT_CONVERSION = YES_AGGRESSIVE;
				CLANG_CXX_LANGUAGE_STANDARD = "gnu++14";
				CLANG_CXX_LIBRARY = "libc++";
				CLANG_ENABLE_MODULES = YES;
				CLANG_ENABLE_OBJC_ARC = YES;
				CLANG_ENABLE_OBJC_WEAK = YES;
				CLANG_WARN_BLOCK_CAPTURE_AUTORELEASING = YES;
				CLANG_WARN_BOOL_CONVERSION = YES;
				CLANG_WARN_COMMA = YES;
				CLANG_WARN_CONSTANT_CONVERSION = YES;
				CLANG_WARN_DEPRECATED_OBJC_IMPLEMENTATIONS = YES;
				CLANG_WARN_DIRECT_OBJC_ISA_USAGE = YES_ERROR;
				CLANG_WARN_DOCUMENTATION_COMMENTS = YES;
				CLANG_WARN_EMPTY_BODY = YES;
				CLANG_WARN_ENUM_CONVERSION = YES;
				CLANG_WARN_INFINITE_RECURSION = YES;
				CLANG_WARN_INT_CONVERSION = YES;
				CLANG_WARN_NON_LITERAL_NULL_CONVERSION = YES;
				CLANG_WARN_OBJC_IMPLICIT_RETAIN_SELF = YES;
				CLANG_WARN_OBJC_LITERAL_CONVERSION = YES;
				CLANG_WARN_OBJC_ROOT_CLASS = YES_ERROR;
				CLANG_WARN_RANGE_LOOP_ANALYSIS = YES;
				CLANG_WARN_STRICT_PROTOTYPES = YES;
				CLANG_WARN_SUSPICIOUS_MOVE = YES;
				CLANG_WARN_UNGUARDED_AVAILABILITY = YES_AGGRESSIVE;
				CLANG_WARN_UNREACHABLE_CODE = YES;
				CLANG_WARN__DUPLICATE_METHOD_MATCH = YES;
				COPY_PHASE_STRIP = NO;
				DEBUG_INFORMATION_FORMAT = dwarf;
				ENABLE_STRICT_OBJC_MSGSEND = YES;
				ENABLE_TESTABILITY = YES;
				GCC_C_LANGUAGE_STANDARD = gnu11;
				GCC_DYNAMIC_NO_PIC = NO;
				GCC_NO_COMMON_BLOCKS = YES;
				GCC_OPTIMIZATION_LEVEL = 0;
				GCC_PREPROCESSOR_DEFINITIONS = (
					"DEBUG=1",
					"$(inherited)",
				);
				GCC_WARN_64_TO_32_BIT_CONVERSION = YES;
				GCC_WARN_ABOUT_RETURN_TYPE = YES_ERROR;
				GCC_WARN_UNDECLARED_SELECTOR = YES;
				GCC_WARN_UNINITIALIZED_AUTOS = YES_AGGRESSIVE;
				GCC_WARN_UNUSED_FUNCTION = YES;
				GCC_WARN_UNUSED_VARIABLE = YES;
				IPHONEOS_DEPLOYMENT_TARGET = 13.2;
				MTL_ENABLE_DEBUG_INFO = INCLUDE_SOURCE;
				MTL_FAST_MATH = YES;
				ONLY_ACTIVE_ARCH = YES;
				SDKROOT = iphoneos;
				SWIFT_ACTIVE_COMPILATION_CONDITIONS = DEBUG;
				SWIFT_OPTIMIZATION_LEVEL = "-Onone";
			};
			name = Debug;
		};
		1832EEF923FA8F3900E51C0D /* Release */ = {
			isa = XCBuildConfiguration;
			buildSettings = {
				ALWAYS_SEARCH_USER_PATHS = NO;
				CLANG_ANALYZER_NONNULL = YES;
				CLANG_ANALYZER_NUMBER_OBJECT_CONVERSION = YES_AGGRESSIVE;
				CLANG_CXX_LANGUAGE_STANDARD = "gnu++14";
				CLANG_CXX_LIBRARY = "libc++";
				CLANG_ENABLE_MODULES = YES;
				CLANG_ENABLE_OBJC_ARC = YES;
				CLANG_ENABLE_OBJC_WEAK = YES;
				CLANG_WARN_BLOCK_CAPTURE_AUTORELEASING = YES;
				CLANG_WARN_BOOL_CONVERSION = YES;
				CLANG_WARN_COMMA = YES;
				CLANG_WARN_CONSTANT_CONVERSION = YES;
				CLANG_WARN_DEPRECATED_OBJC_IMPLEMENTATIONS = YES;
				CLANG_WARN_DIRECT_OBJC_ISA_USAGE = YES_ERROR;
				CLANG_WARN_DOCUMENTATION_COMMENTS = YES;
				CLANG_WARN_EMPTY_BODY = YES;
				CLANG_WARN_ENUM_CONVERSION = YES;
				CLANG_WARN_INFINITE_RECURSION = YES;
				CLANG_WARN_INT_CONVERSION = YES;
				CLANG_WARN_NON_LITERAL_NULL_CONVERSION = YES;
				CLANG_WARN_OBJC_IMPLICIT_RETAIN_SELF = YES;
				CLANG_WARN_OBJC_LITERAL_CONVERSION = YES;
				CLANG_WARN_OBJC_ROOT_CLASS = YES_ERROR;
				CLANG_WARN_RANGE_LOOP_ANALYSIS = YES;
				CLANG_WARN_STRICT_PROTOTYPES = YES;
				CLANG_WARN_SUSPICIOUS_MOVE = YES;
				CLANG_WARN_UNGUARDED_AVAILABILITY = YES_AGGRESSIVE;
				CLANG_WARN_UNREACHABLE_CODE = YES;
				CLANG_WARN__DUPLICATE_METHOD_MATCH = YES;
				COPY_PHASE_STRIP = NO;
				DEBUG_INFORMATION_FORMAT = "dwarf-with-dsym";
				ENABLE_NS_ASSERTIONS = NO;
				ENABLE_STRICT_OBJC_MSGSEND = YES;
				GCC_C_LANGUAGE_STANDARD = gnu11;
				GCC_NO_COMMON_BLOCKS = YES;
				GCC_WARN_64_TO_32_BIT_CONVERSION = YES;
				GCC_WARN_ABOUT_RETURN_TYPE = YES_ERROR;
				GCC_WARN_UNDECLARED_SELECTOR = YES;
				GCC_WARN_UNINITIALIZED_AUTOS = YES_AGGRESSIVE;
				GCC_WARN_UNUSED_FUNCTION = YES;
				GCC_WARN_UNUSED_VARIABLE = YES;
				IPHONEOS_DEPLOYMENT_TARGET = 13.2;
				MTL_ENABLE_DEBUG_INFO = NO;
				MTL_FAST_MATH = YES;
				SDKROOT = iphoneos;
				SWIFT_COMPILATION_MODE = wholemodule;
				SWIFT_OPTIMIZATION_LEVEL = "-O";
				VALIDATE_PRODUCT = YES;
			};
			name = Release;
		};
		1832EEFB23FA8F3900E51C0D /* Debug */ = {
			isa = XCBuildConfiguration;
			buildSettings = {
				ASSETCATALOG_COMPILER_APPICON_NAME = AppIcon;
				CODE_SIGN_STYLE = Automatic;
				INFOPLIST_FILE = "Al-Amin Collection View/Info.plist";
				LD_RUNPATH_SEARCH_PATHS = (
					"$(inherited)",
					"@executable_path/Frameworks",
				);
				PRODUCT_BUNDLE_IDENTIFIER = "bit.Al-Amin-Collection-View";
				PRODUCT_NAME = "$(TARGET_NAME)";
				SWIFT_VERSION = 5.0;
				TARGETED_DEVICE_FAMILY = "1,2";
			};
			name = Debug;
		};
		1832EEFC23FA8F3900E51C0D /* Release */ = {
			isa = XCBuildConfiguration;
			buildSettings = {
				ASSETCATALOG_COMPILER_APPICON_NAME = AppIcon;
				CODE_SIGN_STYLE = Automatic;
				INFOPLIST_FILE = "Al-Amin Collection View/Info.plist";
				LD_RUNPATH_SEARCH_PATHS = (
					"$(inherited)",
					"@executable_path/Frameworks",
				);
				PRODUCT_BUNDLE_IDENTIFIER = "bit.Al-Amin-Collection-View";
				PRODUCT_NAME = "$(TARGET_NAME)";
				SWIFT_VERSION = 5.0;
				TARGETED_DEVICE_FAMILY = "1,2";
			};
			name = Release;
		};
/* End XCBuildConfiguration section */

/* Begin XCConfigurationList section */
		1832EEE123FA8F3800E51C0D /* Build configuration list for PBXProject "Al-Amin Collection View" */ = {
			isa = XCConfigurationList;
			buildConfigurations = (
				1832EEF823FA8F3900E51C0D /* Debug */,
				1832EEF923FA8F3900E51C0D /* Release */,
			);
			defaultConfigurationIsVisible = 0;
			defaultConfigurationName = Release;
		};
		1832EEFA23FA8F3900E51C0D /* Build configuration list for PBXNativeTarget "Al-Amin Collection View" */ = {
			isa = XCConfigurationList;
			buildConfigurations = (
				1832EEFB23FA8F3900E51C0D /* Debug */,
				1832EEFC23FA8F3900E51C0D /* Release */,
			);
			defaultConfigurationIsVisible = 0;
			defaultConfigurationName = Release;
		};
/* End XCConfigurationList section */
	};
	rootObject = 1832EEDE23FA8F3800E51C0D /* Project object */;
}
